
Microsoft Visual Studio Solution File, Format Version 12.00
# Visual Studio 15
VisualStudioVersion = 15.0.27130.2036
MinimumVisualStudioVersion = 10.0.40219.1
Project("{FAE04EC0-301F-11D3-BF4B-00C04F79EFBC}") = "Spreadsheet", "Spreadsheet\Spreadsheet.csproj", "{9025A594-DF2A-4E6A-B8C2-F087ECC3E203}"
EndProject
Project("{FAE04EC0-301F-11D3-BF4B-00C04F79EFBC}") = "PS6GradingTests", "PS6GradingTests\PS6GradingTests.csproj", "{2145911F-6669-4308-A0F2-63B4C2AAAE5E}"
EndProject
Global
	GlobalSection(SolutionConfigurationPlatforms) = preSolution
		Debug|Any CPU = Debug|Any CPU
		Release|Any CPU = Release|Any CPU
	EndGlobalSection
	GlobalSection(ProjectConfigurationPlatforms) = postSolution
		{9025A594-DF2A-4E6A-B8C2-F087ECC3E203}.Debug|Any CPU.ActiveCfg = Debug|Any CPU
		{9025A594-DF2A-4E6A-B8C2-F087ECC3E203}.Debug|Any CPU.Build.0 = Debug|Any CPU
		{9025A594-DF2A-4E6A-B8C2-F087ECC3E203}.Release|Any CPU.ActiveCfg = Release|Any CPU
		{9025A594-DF2A-4E6A-B8C2-F087ECC3E203}.Release|Any CPU.Build.0 = Release|Any CPU
		{2145911F-6669-4308-A0F2-63B4C2AAAE5E}.Debug|Any CPU.ActiveCfg = Debug|Any CPU
		{2145911F-6669-4308-A0F2-63B4C2AAAE5E}.Debug|Any CPU.Build.0 = Debug|Any CPU
		{2145911F-6669-4308-A0F2-63B4C2AAAE5E}.Release|Any CPU.ActiveCfg = Release|Any CPU
		{2145911F-6669-4308-A0F2-63B4C2AAAE5E}.Release|Any CPU.Build.0 = Release|Any CPU
	EndGlobalSection
	GlobalSection(SolutionProperties) = preSolution
		HideSolutionNode = FALSE
	EndGlobalSection
	GlobalSection(ExtensibilityGlobals) = postSolution
		SolutionGuid = {8E78F5F6-A23F-4272-B37C-F159D1F8209E}
	EndGlobalSection
EndGlobal
