
Microsoft Visual Studio Solution File, Format Version 12.00
# Visual Studio 15
VisualStudioVersion = 15.0.27130.2024
MinimumVisualStudioVersion = 10.0.40219.1
Project("{FAE04EC0-301F-11D3-BF4B-00C04F79EFBC}") = "Formula", "Formula\Formula.csproj", "{D43D998C-9797-4CF4-9BB0-6DE22753849A}"
EndProject
Project("{FAE04EC0-301F-11D3-BF4B-00C04F79EFBC}") = "FormulaSimpleTests", "FormulaSimpleTests\FormulaSimpleTests.csproj", "{707DFAA0-3BB3-4896-AF50-0A4D6D580D06}"
EndProject
Project("{FAE04EC0-301F-11D3-BF4B-00C04F79EFBC}") = "PS2GradingTests", "PS2GradingTests\PS2GradingTests.csproj", "{5F69302B-DF29-42D2-BFE2-4A168FF4F588}"
EndProject
Global
	GlobalSection(SolutionConfigurationPlatforms) = preSolution
		Debug|Any CPU = Debug|Any CPU
		Release|Any CPU = Release|Any CPU
	EndGlobalSection
	GlobalSection(ProjectConfigurationPlatforms) = postSolution
		{D43D998C-9797-4CF4-9BB0-6DE22753849A}.Debug|Any CPU.ActiveCfg = Debug|Any CPU
		{D43D998C-9797-4CF4-9BB0-6DE22753849A}.Debug|Any CPU.Build.0 = Debug|Any CPU
		{D43D998C-9797-4CF4-9BB0-6DE22753849A}.Release|Any CPU.ActiveCfg = Release|Any CPU
		{D43D998C-9797-4CF4-9BB0-6DE22753849A}.Release|Any CPU.Build.0 = Release|Any CPU
		{707DFAA0-3BB3-4896-AF50-0A4D6D580D06}.Debug|Any CPU.ActiveCfg = Debug|Any CPU
		{707DFAA0-3BB3-4896-AF50-0A4D6D580D06}.Debug|Any CPU.Build.0 = Debug|Any CPU
		{707DFAA0-3BB3-4896-AF50-0A4D6D580D06}.Release|Any CPU.ActiveCfg = Release|Any CPU
		{707DFAA0-3BB3-4896-AF50-0A4D6D580D06}.Release|Any CPU.Build.0 = Release|Any CPU
		{5F69302B-DF29-42D2-BFE2-4A168FF4F588}.Debug|Any CPU.ActiveCfg = Debug|Any CPU
		{5F69302B-DF29-42D2-BFE2-4A168FF4F588}.Debug|Any CPU.Build.0 = Debug|Any CPU
		{5F69302B-DF29-42D2-BFE2-4A168FF4F588}.Release|Any CPU.ActiveCfg = Release|Any CPU
		{5F69302B-DF29-42D2-BFE2-4A168FF4F588}.Release|Any CPU.Build.0 = Release|Any CPU
	EndGlobalSection
	GlobalSection(SolutionProperties) = preSolution
		HideSolutionNode = FALSE
	EndGlobalSection
	GlobalSection(ExtensibilityGlobals) = postSolution
		SolutionGuid = {C5EFFC57-AD11-4BE1-9C45-E876A02BD47D}
	EndGlobalSection
EndGlobal
